
Microsoft Visual Studio Solution File, Format Version 12.00
# Visual Studio 15
VisualStudioVersion = 15.0.28010.2019
MinimumVisualStudioVersion = 10.0.40219.1
Project("{FAE04EC0-301F-11D3-BF4B-00C04F79EFBC}") = "TwoRandomTest", "TwoRandomTest\TwoRandomTest.csproj", "{20AB6BA4-A68D-4700-8897-F255E6116326}"
EndProject
Global
	GlobalSection(SolutionConfigurationPlatforms) = preSolution
		Debug|Any CPU = Debug|Any CPU
		Release|Any CPU = Release|Any CPU
	EndGlobalSection
	GlobalSection(ProjectConfigurationPlatforms) = postSolution
		{20AB6BA4-A68D-4700-8897-F255E6116326}.Debug|Any CPU.ActiveCfg = Debug|Any CPU
		{20AB6BA4-A68D-4700-8897-F255E6116326}.Debug|Any CPU.Build.0 = Debug|Any CPU
		{20AB6BA4-A68D-4700-8897-F255E6116326}.Release|Any CPU.ActiveCfg = Release|Any CPU
		{20AB6BA4-A68D-4700-8897-F255E6116326}.Release|Any CPU.Build.0 = Release|Any CPU
	EndGlobalSection
	GlobalSection(SolutionProperties) = preSolution
		HideSolutionNode = FALSE
	EndGlobalSection
	GlobalSection(ExtensibilityGlobals) = postSolution
		SolutionGuid = {4F78F5DD-00A6-40D9-A76C-6698947D6053}
	EndGlobalSection
EndGlobal
